{
  "meteor": {},
  "dependencies": {
    "basePackages": {
      "gagarin": {
        "path": "../.."
      }
    },
    "packages": {
      "gagarin": {
        "path": "../.."
      },
      "altimeter": {
        "git": "https://github.com/apendua/altimeter.git",
        "tag": "v0.0.2",
        "commit": "eafabe3241b16d9bd0058ba8d24d8c3e4258a68d"
      }
    }
  }
}
